
Microsoft Visual Studio Solution File, Format Version 12.00
# Visual Studio 15
VisualStudioVersion = 15.0.27130.2026
MinimumVisualStudioVersion = 10.0.40219.1
Project("{FAE04EC0-301F-11D3-BF4B-00C04F79EFBC}") = "Bookshelf", "Bookshelf\Bookshelf\Bookshelf.csproj", "{1109A2CF-0D51-4FE6-879C-DBBF52D331CD}"
EndProject
Project("{FAE04EC0-301F-11D3-BF4B-00C04F79EFBC}") = "Bookshelf.Android", "Bookshelf\Bookshelf.Android\Bookshelf.Android.csproj", "{E40FC30A-8C5A-43B4-81C3-9749FEAB881A}"
EndProject
Project("{FAE04EC0-301F-11D3-BF4B-00C04F79EFBC}") = "Bookshelf.UWP", "Bookshelf\Bookshelf.UWP\Bookshelf.UWP.csproj", "{3577285C-EA51-4781-8D93-AC180CEE0BAD}"
EndProject
Global
	GlobalSection(SolutionConfigurationPlatforms) = preSolution
		Debug|Any CPU = Debug|Any CPU
		Debug|ARM = Debug|ARM
		Debug|x64 = Debug|x64
		Debug|x86 = Debug|x86
		Release|Any CPU = Release|Any CPU
		Release|ARM = Release|ARM
		Release|x64 = Release|x64
		Release|x86 = Release|x86
	EndGlobalSection
	GlobalSection(ProjectConfigurationPlatforms) = postSolution
		{1109A2CF-0D51-4FE6-879C-DBBF52D331CD}.Debug|Any CPU.ActiveCfg = Debug|Any CPU
		{1109A2CF-0D51-4FE6-879C-DBBF52D331CD}.Debug|Any CPU.Build.0 = Debug|Any CPU
		{1109A2CF-0D51-4FE6-879C-DBBF52D331CD}.Debug|ARM.ActiveCfg = Debug|Any CPU
		{1109A2CF-0D51-4FE6-879C-DBBF52D331CD}.Debug|ARM.Build.0 = Debug|Any CPU
		{1109A2CF-0D51-4FE6-879C-DBBF52D331CD}.Debug|x64.ActiveCfg = Debug|Any CPU
		{1109A2CF-0D51-4FE6-879C-DBBF52D331CD}.Debug|x64.Build.0 = Debug|Any CPU
		{1109A2CF-0D51-4FE6-879C-DBBF52D331CD}.Debug|x86.ActiveCfg = Debug|Any CPU
		{1109A2CF-0D51-4FE6-879C-DBBF52D331CD}.Debug|x86.Build.0 = Debug|Any CPU
		{1109A2CF-0D51-4FE6-879C-DBBF52D331CD}.Release|Any CPU.ActiveCfg = Release|Any CPU
		{1109A2CF-0D51-4FE6-879C-DBBF52D331CD}.Release|Any CPU.Build.0 = Release|Any CPU
		{1109A2CF-0D51-4FE6-879C-DBBF52D331CD}.Release|ARM.ActiveCfg = Release|Any CPU
		{1109A2CF-0D51-4FE6-879C-DBBF52D331CD}.Release|ARM.Build.0 = Release|Any CPU
		{1109A2CF-0D51-4FE6-879C-DBBF52D331CD}.Release|x64.ActiveCfg = Release|Any CPU
		{1109A2CF-0D51-4FE6-879C-DBBF52D331CD}.Release|x64.Build.0 = Release|Any CPU
		{1109A2CF-0D51-4FE6-879C-DBBF52D331CD}.Release|x86.ActiveCfg = Release|Any CPU
		{1109A2CF-0D51-4FE6-879C-DBBF52D331CD}.Release|x86.Build.0 = Release|Any CPU
		{E40FC30A-8C5A-43B4-81C3-9749FEAB881A}.Debug|Any CPU.ActiveCfg = Debug|Any CPU
		{E40FC30A-8C5A-43B4-81C3-9749FEAB881A}.Debug|Any CPU.Build.0 = Debug|Any CPU
		{E40FC30A-8C5A-43B4-81C3-9749FEAB881A}.Debug|Any CPU.Deploy.0 = Debug|Any CPU
		{E40FC30A-8C5A-43B4-81C3-9749FEAB881A}.Debug|ARM.ActiveCfg = Debug|Any CPU
		{E40FC30A-8C5A-43B4-81C3-9749FEAB881A}.Debug|ARM.Build.0 = Debug|Any CPU
		{E40FC30A-8C5A-43B4-81C3-9749FEAB881A}.Debug|ARM.Deploy.0 = Debug|Any CPU
		{E40FC30A-8C5A-43B4-81C3-9749FEAB881A}.Debug|x64.ActiveCfg = Debug|Any CPU
		{E40FC30A-8C5A-43B4-81C3-9749FEAB881A}.Debug|x64.Build.0 = Debug|Any CPU
		{E40FC30A-8C5A-43B4-81C3-9749FEAB881A}.Debug|x64.Deploy.0 = Debug|Any CPU
		{E40FC30A-8C5A-43B4-81C3-9749FEAB881A}.Debug|x86.ActiveCfg = Debug|Any CPU
		{E40FC30A-8C5A-43B4-81C3-9749FEAB881A}.Debug|x86.Build.0 = Debug|Any CPU
		{E40FC30A-8C5A-43B4-81C3-9749FEAB881A}.Debug|x86.Deploy.0 = Debug|Any CPU
		{E40FC30A-8C5A-43B4-81C3-9749FEAB881A}.Release|Any CPU.ActiveCfg = Release|Any CPU
		{E40FC30A-8C5A-43B4-81C3-9749FEAB881A}.Release|Any CPU.Build.0 = Release|Any CPU
		{E40FC30A-8C5A-43B4-81C3-9749FEAB881A}.Release|Any CPU.Deploy.0 = Release|Any CPU
		{E40FC30A-8C5A-43B4-81C3-9749FEAB881A}.Release|ARM.ActiveCfg = Release|Any CPU
		{E40FC30A-8C5A-43B4-81C3-9749FEAB881A}.Release|ARM.Build.0 = Release|Any CPU
		{E40FC30A-8C5A-43B4-81C3-9749FEAB881A}.Release|ARM.Deploy.0 = Release|Any CPU
		{E40FC30A-8C5A-43B4-81C3-9749FEAB881A}.Release|x64.ActiveCfg = Release|Any CPU
		{E40FC30A-8C5A-43B4-81C3-9749FEAB881A}.Release|x64.Build.0 = Release|Any CPU
		{E40FC30A-8C5A-43B4-81C3-9749FEAB881A}.Release|x64.Deploy.0 = Release|Any CPU
		{E40FC30A-8C5A-43B4-81C3-9749FEAB881A}.Release|x86.ActiveCfg = Release|Any CPU
		{E40FC30A-8C5A-43B4-81C3-9749FEAB881A}.Release|x86.Build.0 = Release|Any CPU
		{E40FC30A-8C5A-43B4-81C3-9749FEAB881A}.Release|x86.Deploy.0 = Release|Any CPU
		{3577285C-EA51-4781-8D93-AC180CEE0BAD}.Debug|Any CPU.ActiveCfg = Debug|x86
		{3577285C-EA51-4781-8D93-AC180CEE0BAD}.Debug|ARM.ActiveCfg = Debug|ARM
		{3577285C-EA51-4781-8D93-AC180CEE0BAD}.Debug|ARM.Build.0 = Debug|ARM
		{3577285C-EA51-4781-8D93-AC180CEE0BAD}.Debug|ARM.Deploy.0 = Debug|ARM
		{3577285C-EA51-4781-8D93-AC180CEE0BAD}.Debug|x64.ActiveCfg = Debug|x64
		{3577285C-EA51-4781-8D93-AC180CEE0BAD}.Debug|x64.Build.0 = Debug|x64
		{3577285C-EA51-4781-8D93-AC180CEE0BAD}.Debug|x64.Deploy.0 = Debug|x64
		{3577285C-EA51-4781-8D93-AC180CEE0BAD}.Debug|x86.ActiveCfg = Debug|x86
		{3577285C-EA51-4781-8D93-AC180CEE0BAD}.Debug|x86.Build.0 = Debug|x86
		{3577285C-EA51-4781-8D93-AC180CEE0BAD}.Debug|x86.Deploy.0 = Debug|x86
		{3577285C-EA51-4781-8D93-AC180CEE0BAD}.Release|Any CPU.ActiveCfg = Release|x86
		{3577285C-EA51-4781-8D93-AC180CEE0BAD}.Release|ARM.ActiveCfg = Release|ARM
		{3577285C-EA51-4781-8D93-AC180CEE0BAD}.Release|ARM.Build.0 = Release|ARM
		{3577285C-EA51-4781-8D93-AC180CEE0BAD}.Release|ARM.Deploy.0 = Release|ARM
		{3577285C-EA51-4781-8D93-AC180CEE0BAD}.Release|x64.ActiveCfg = Release|x64
		{3577285C-EA51-4781-8D93-AC180CEE0BAD}.Release|x64.Build.0 = Release|x64
		{3577285C-EA51-4781-8D93-AC180CEE0BAD}.Release|x64.Deploy.0 = Release|x64
		{3577285C-EA51-4781-8D93-AC180CEE0BAD}.Release|x86.ActiveCfg = Release|x86
		{3577285C-EA51-4781-8D93-AC180CEE0BAD}.Release|x86.Build.0 = Release|x86
		{3577285C-EA51-4781-8D93-AC180CEE0BAD}.Release|x86.Deploy.0 = Release|x86
	EndGlobalSection
	GlobalSection(SolutionProperties) = preSolution
		HideSolutionNode = FALSE
	EndGlobalSection
	GlobalSection(ExtensibilityGlobals) = postSolution
		SolutionGuid = {40B08195-1A08-4130-AE33-DE786F25E76F}
	EndGlobalSection
EndGlobal
